<Solution>
  <Project Path="Fungus.csproj" />
  <Project Path="FungusEditor.csproj" />
  <Project Path="Fungus.FungusLuaEditor.csproj" />
  <Project Path="Fungus.FungusLuaJSONCheckerEditor.csproj" />
  <Project Path="Fungus.UsfxrEditor.csproj" />
  <Project Path="Fungus.LineEndingsEditor.csproj" />
</Solution>
